
Microsoft Visual Studio Solution File, Format Version 12.00
# Visual Studio Version 16
VisualStudioVersion = 16.0.30011.22
MinimumVisualStudioVersion = 10.0.40219.1
Project("{FAE04EC0-301F-11D3-BF4B-00C04F79EFBC}") = "Entities", "Entities\Entities.csproj", "{3353CEA9-9DD2-4EE4-8BC8-8B0D6C0C80CB}"
EndProject
Global
	GlobalSection(SolutionConfigurationPlatforms) = preSolution
		Debug|Any CPU = Debug|Any CPU
		Release|Any CPU = Release|Any CPU
	EndGlobalSection
	GlobalSection(ProjectConfigurationPlatforms) = postSolution
		{3353CEA9-9DD2-4EE4-8BC8-8B0D6C0C80CB}.Debug|Any CPU.ActiveCfg = Debug|Any CPU
		{3353CEA9-9DD2-4EE4-8BC8-8B0D6C0C80CB}.Debug|Any CPU.Build.0 = Debug|Any CPU
		{3353CEA9-9DD2-4EE4-8BC8-8B0D6C0C80CB}.Release|Any CPU.ActiveCfg = Release|Any CPU
		{3353CEA9-9DD2-4EE4-8BC8-8B0D6C0C80CB}.Release|Any CPU.Build.0 = Release|Any CPU
	EndGlobalSection
	GlobalSection(SolutionProperties) = preSolution
		HideSolutionNode = FALSE
	EndGlobalSection
	GlobalSection(ExtensibilityGlobals) = postSolution
		SolutionGuid = {FC6DEDFF-6A9E-4BEE-AF3A-B12F45AABF1A}
	EndGlobalSection
EndGlobal
